{
  "name": "iodine-os-preview",
  "version": "1.0.0",
  "lockfileVersion": 3,
  "requires": true,
  "packages": {
    "": {
      "name": "iodine-os-preview",
      "version": "1.0.0",
      "dependencies": {
        "v86": "^0.5.462",
        "v86-system": "^0.5.0",
        "ws": "^8.18.0"
      }
    },
    "node_modules/v86": {
      "version": "0.5.462",
      "resolved": "https://registry.npmjs.org/v86/-/v86-0.5.462.tgz",
      "integrity": "sha512-aKPX7DdzqAKFRv2omDkqSju0uEzlOxzo+II82J5UT7+tZNsboA6kyaNq9NKAnxvo9hzpJ8dQj7vcvcz0J7I2QA==",
      "license": "BSD-2-Clause"
    },
    "node_modules/v86-system": {
      "version": "0.5.0",
      "resolved": "https://registry.npmjs.org/v86-system/-/v86-system-0.5.0.tgz",
      "integrity": "sha512-D4usx9kJAJxDcKLorDLEAXhImCJwk4RE9QVEvXCqBsYZV4ZrGzyb6ZdGsuPzefLaJmhBTPc5ekU8EkvEQj6P7A==",
      "license": "MIT",
      "bin": {
        "v86-system": "cli.js"
      },
      "engines": {
        "node": ">=18.3.0"
      }
    },
    "node_modules/ws": {
      "version": "8.21.3",
      "resolved": "https://registry.npmjs.org/ws/-/ws-8.21.3.tgz",
      "integrity": "sha512-201TZ/kPWxoPr/OKWjquZR1SWKXcvxdH+e1xrx89b3YbmzLMFCLfnaG1HFIgWzJOEWZ7MvpK++odZufgYR50Rw==",
      "license": "MIT",
      "engines": {
        "node": ">=10.0.0"
      },
      "peerDependencies": {
        "bufferutil": "^4.0.1",
        "utf-8-validate": ">=5.0.2"
      },
      "peerDependenciesMeta": {
        "bufferutil": {
          "optional": true
        },
        "utf-8-validate": {
          "optional": true
        }
      }
    }
  }
}
